
Microsoft Visual Studio Solution File, Format Version 12.00
# Visual Studio Version 16
VisualStudioVersion = 16.0.33529.622
MinimumVisualStudioVersion = 10.0.40219.1
Project("{FAE04EC0-301F-11D3-BF4B-00C04F79EFBC}") = "Web Scrapper Divisas", "Web Scrapper Divisas\Web Scrapper Divisas.csproj", "{6B7BA9AF-A488-4696-8C0F-9D238D4A7253}"
EndProject
Global
	GlobalSection(SolutionConfigurationPlatforms) = preSolution
		Debug|Any CPU = Debug|Any CPU
		Release|Any CPU = Release|Any CPU
	EndGlobalSection
	GlobalSection(ProjectConfigurationPlatforms) = postSolution
		{6B7BA9AF-A488-4696-8C0F-9D238D4A7253}.Debug|Any CPU.ActiveCfg = Debug|Any CPU
		{6B7BA9AF-A488-4696-8C0F-9D238D4A7253}.Debug|Any CPU.Build.0 = Debug|Any CPU
		{6B7BA9AF-A488-4696-8C0F-9D238D4A7253}.Release|Any CPU.ActiveCfg = Release|Any CPU
		{6B7BA9AF-A488-4696-8C0F-9D238D4A7253}.Release|Any CPU.Build.0 = Release|Any CPU
	EndGlobalSection
	GlobalSection(SolutionProperties) = preSolution
		HideSolutionNode = FALSE
	EndGlobalSection
	GlobalSection(ExtensibilityGlobals) = postSolution
		SolutionGuid = {C866B742-76C1-499D-8CF9-C3EC922F902B}
	EndGlobalSection
EndGlobal
